lockfileVersion: '9.0'

settings:
  autoInstallPeers: true
  excludeLinksFromLockfile: false

importers:

  .:
    dependencies:
      '@ast-grep/lang-angular':
        specifier: 0.0.10
        version: 0.0.10
      '@ast-grep/lang-bash':
        specifier: 0.0.8
        version: 0.0.8
      '@ast-grep/lang-bicep':
        specifier: 0.0.2
        version: 0.0.2
      '@ast-grep/lang-c':
        specifier: 0.0.6
        version: 0.0.6
      '@ast-grep/lang-cpp':
        specifier: 0.0.6
        version: 0.0.6
      '@ast-grep/lang-csharp':
        specifier: 0.0.6
        version: 0.0.6
      '@ast-grep/lang-css':
        specifier: 0.0.7
        version: 0.0.7
      '@ast-grep/lang-dart':
        specifier: 0.0.7
        version: 0.0.7
      '@ast-grep/lang-elixir':
        specifier: 0.0.7
        version: 0.0.7
      '@ast-grep/lang-glimmer-javascript':
        specifier: 0.0.2
        version: 0.0.2
      '@ast-grep/lang-glimmer-typescript':
        specifier: 0.0.2
        version: 0.0.2
      '@ast-grep/lang-go':
        specifier: 0.0.6
        version: 0.0.6
      '@ast-grep/lang-haskell':
        specifier: 0.0.7
        version: 0.0.7
      '@ast-grep/lang-html':
        specifier: 0.0.7
        version: 0.0.7
      '@ast-grep/lang-java':
        specifier: 0.0.7
        version: 0.0.7
      '@ast-grep/lang-javascript':
        specifier: 0.0.7
        version: 0.0.7
      '@ast-grep/lang-json':
        specifier: 0.0.7
        version: 0.0.7
      '@ast-grep/lang-kotlin':
        specifier: 0.0.7
        version: 0.0.7
      '@ast-grep/lang-lua':
        specifier: 0.0.7
        version: 0.0.7
      '@ast-grep/lang-markdown':
        specifier: 0.0.6
        version: 0.0.6
      '@ast-grep/lang-php':
        specifier: 0.0.7
        version: 0.0.7
      '@ast-grep/lang-python':
        specifier: 0.0.6
        version: 0.0.6
      '@ast-grep/lang-ruby':
        specifier: 0.0.7
        version: 0.0.7
      '@ast-grep/lang-rust':
        specifier: 0.0.7
        version: 0.0.7
      '@ast-grep/lang-scala':
        specifier: 0.0.7
        version: 0.0.7
      '@ast-grep/lang-sql':
        specifier: 0.0.8
        version: 0.0.8
      '@ast-grep/lang-swift':
        specifier: 0.0.8
        version: 0.0.8
      '@ast-grep/lang-toml':
        specifier: 0.0.9
        version: 0.0.9
      '@ast-grep/lang-tsx':
        specifier: 0.0.7
        version: 0.0.7
      '@ast-grep/lang-typescript':
        specifier: 0.0.7
        version: 0.0.7
      '@ast-grep/lang-yaml':
        specifier: 0.0.6
        version: 0.0.6
      '@ast-grep/napi':
        specifier: 0.45.3
        version: 0.45.3
      yaml:
        specifier: 2.7.1
        version: 2.7.1

packages:

  '@ast-grep/lang-angular@0.0.10':
    resolution: {integrity: sha512-umIrpOjJzwQWTf3wKX9tbC6Cj6Ke06b+2+TdLP3pEyjjGH1GhSCrRlbj171K081gyY2Mn7Kh6H0EOEDIOmYVZA==}
    peerDependencies:
      tree-sitter-cli: 0.25.8
    peerDependenciesMeta:
      tree-sitter-cli:
        optional: true

  '@ast-grep/lang-bash@0.0.8':
    resolution: {integrity: sha512-qFykSsOdBv35I1rtt2PstJ4luzV9J1YCiFZBgySI8UPOh+TFnmpdlq9CrryNOj0Q7f6zZhc1OIau+/mUSs6HAg==}
    peerDependencies:
      tree-sitter-cli: 0.25.8
    peerDependenciesMeta:
      tree-sitter-cli:
        optional: true

  '@ast-grep/lang-bicep@0.0.2':
    resolution: {integrity: sha512-Hli6s8PZLx37rGKb2J/9Of2phDo7RoMDlav5/eRCnLENcF9U7iijGvyjkE5ry/MKo1016uIsSLBgDllFTRBzPA==}
    peerDependencies:
      tree-sitter-cli: 0.25.8
    peerDependenciesMeta:
      tree-sitter-cli:
        optional: true

  '@ast-grep/lang-c@0.0.6':
    resolution: {integrity: sha512-z4ldQyXENqqiNr+F3qhhtKYxgRwLGpOrpc0RIsINwbzeixyFnlNWw5MB1p5yIXN1DkHWrnz5Sd6Wl5s0Mbf6OQ==}
    peerDependencies:
      tree-sitter-cli: 0.25.8
    peerDependenciesMeta:
      tree-sitter-cli:
        optional: true

  '@ast-grep/lang-cpp@0.0.6':
    resolution: {integrity: sha512-VsNr3fzgV969wuWnno7Rb2LexpeO9TwVBiwnCeH9NsDD6/v7Vr529FJF07E2bAsQjB2HPdljY2/a11GbT3xG9A==}
    peerDependencies:
      tree-sitter-cli: 0.25.8
    peerDependenciesMeta:
      tree-sitter-cli:
        optional: true

  '@ast-grep/lang-csharp@0.0.6':
    resolution: {integrity: sha512-9Aq0WvJ5wRdJ+iply7H2Aq89o2BOdxFXh3H9tLvf8DryyHgWAQA/CRKUw1HjV8Q4ABUZFl1vLq9Uv3t0gQtZdQ==}
    peerDependencies:
      tree-sitter-cli: 0.25.8
    peerDependenciesMeta:
      tree-sitter-cli:
        optional: true

  '@ast-grep/lang-css@0.0.7':
    resolution: {integrity: sha512-oxudGhsxhCMmIXFTmviN3N/Xm/Sz1ScVzod2OwAPPR0gkR343fRJGKyIppYl4/U9dQJESWF88YbB2gpgDKC/LA==}
    peerDependencies:
      tree-sitter-cli: 0.25.8
    peerDependenciesMeta:
      tree-sitter-cli:
        optional: true

  '@ast-grep/lang-dart@0.0.7':
    resolution: {integrity: sha512-9tTkOnw10g+/cgt8jw1XqZ0AKLDXoKYP1HoY3reZPQLhk4IWs8mNAu4Yd6E80CdQ2sJ10+L7wv1C16jTt4Yirw==}
    peerDependencies:
      tree-sitter-cli: 0.25.8
    peerDependenciesMeta:
      tree-sitter-cli:
        optional: true

  '@ast-grep/lang-elixir@0.0.7':
    resolution: {integrity: sha512-oKaLIX62nMb1H/utcbRe67eHooY7tobUniuUtNb8T5B/vfaFYAec2qCJbdFEh0sng69LwmOU9ojikAMRWkVFXw==}
    peerDependencies:
      tree-sitter-cli: 0.25.8
    peerDependenciesMeta:
      tree-sitter-cli:
        optional: true

  '@ast-grep/lang-glimmer-javascript@0.0.2':
    resolution: {integrity: sha512-ssMIB0AWPLYkzP1XsW85dutVaZdEdR12kUGWqF67VFLgfDs0mha0zOPyz7jM/58wbC9lvG0985DsE24EpywiaA==}
    peerDependencies:
      tree-sitter-cli: 0.25.8
    peerDependenciesMeta:
      tree-sitter-cli:
        optional: true

  '@ast-grep/lang-glimmer-typescript@0.0.2':
    resolution: {integrity: sha512-Fg66OdJccVWLSQGp4JlsY3Pvsac7eyIDhUecRykQxS+QxAj63J6ad9rLEGQhpOpRZX8Ax31gDcsBrZ/8rZdxVw==}
    peerDependencies:
      tree-sitter-cli: 0.25.8
    peerDependenciesMeta:
      tree-sitter-cli:
        optional: true

  '@ast-grep/lang-go@0.0.6':
    resolution: {integrity: sha512-PZap9Rp6t+YKbLjRnFRF5aGBX3/HV9s5Rp7ZPsCM+o3tlTZDo1IqDYnFu+Oeh5Razs2U8K8ccPSJ+GBxalVhWg==}
    peerDependencies:
      tree-sitter-cli: 0.25.8
    peerDependenciesMeta:
      tree-sitter-cli:
        optional: true

  '@ast-grep/lang-haskell@0.0.7':
    resolution: {integrity: sha512-9pCwRtAV4pW429pugUreFmMWCywqGHPHvz+wtTvnbPzKrECSuhnxuIf/yAFWAZ1Vzjkj6G1FFy/W7w9q3DTd3g==}
    peerDependencies:
      tree-sitter-cli: 0.25.8
    peerDependenciesMeta:
      tree-sitter-cli:
        optional: true

  '@ast-grep/lang-html@0.0.7':
    resolution: {integrity: sha512-mOv1kQJEBEfIDPQipsV25WtQF8fdzF8L+npV0qbipqxm6y033l6l9DSp60rDsVpRpGo7MpzRloVVmSBK7DIyHg==}
    peerDependencies:
      tree-sitter-cli: 0.25.8
    peerDependenciesMeta:
      tree-sitter-cli:
        optional: true

  '@ast-grep/lang-java@0.0.7':
    resolution: {integrity: sha512-7muXd2MqUxJ8SrLrXU+JbvU6qSASZ5BZqH/eCDkIIjXge5wMl7kIYxKEgP375W8lnTXQYjM+VgeOkYSU9EexJg==}
    peerDependencies:
      tree-sitter-cli: 0.25.8
    peerDependenciesMeta:
      tree-sitter-cli:
        optional: true

  '@ast-grep/lang-javascript@0.0.7':
    resolution: {integrity: sha512-sE4/mxQ7G2QRPF/aDxoa36FHMz3s0lq1kZj63Rus32iP2aVXGj5C1fK2NTEXq5PILxKjv2iXtzbPtf3r2r+IxA==}
    peerDependencies:
      tree-sitter-cli: 0.25.8
    peerDependenciesMeta:
      tree-sitter-cli:
        optional: true

  '@ast-grep/lang-json@0.0.7':
    resolution: {integrity: sha512-8wiH+B4Rih8/vHsUB4DOTXnQHMxfWhaBygUEZ036kfr1T9WFvx5E7QYd2WX2Wm1nFCzUmWbIfsoE+cR2G9SJlA==}
    peerDependencies:
      tree-sitter-cli: 0.25.8
    peerDependenciesMeta:
      tree-sitter-cli:
        optional: true

  '@ast-grep/lang-kotlin@0.0.7':
    resolution: {integrity: sha512-+rXVbmESlE5c3QQGl/si0BRj/aC/v6P8Tw//8UxojoqlfZDISG95bHeVRZxb4NuEkt0kFFRn7Lbi9DsHXn8MbA==}
    peerDependencies:
      tree-sitter-cli: 0.25.8
    peerDependenciesMeta:
      tree-sitter-cli:
        optional: true

  '@ast-grep/lang-lua@0.0.7':
    resolution: {integrity: sha512-xGJpC06HTGSb2KPD5YEuzdj7wo4ZRCkMPWWUCzXUqP8stkoJYp2SW6VExeInSIMLnGyEMQAGdjCWttgyRzTGOQ==}
    peerDependencies:
      tree-sitter-cli: 0.25.8
    peerDependenciesMeta:
      tree-sitter-cli:
        optional: true

  '@ast-grep/lang-markdown@0.0.6':
    resolution: {integrity: sha512-GTuYhBUXs58j+AfCOV0576GWbdBYsE1EQo6AVwIRrJDoFiDgx4nrXyjXm9jhDucVFQCV+eeQMF17MuvVb3iswA==}
    peerDependencies:
      tree-sitter-cli: 0.25.8
    peerDependenciesMeta:
      tree-sitter-cli:
        optional: true

  '@ast-grep/lang-php@0.0.7':
    resolution: {integrity: sha512-cDCcgSRj4eL8QnEivUbxYVSUn4PESyLdp6RuFvYw2gMOb8qzfR1FTq503D9tZ5pqvZCALR3KrbVNzc8SHaQs7Q==}
    peerDependencies:
      tree-sitter-cli: 0.25.8
    peerDependenciesMeta:
      tree-sitter-cli:
        optional: true

  '@ast-grep/lang-python@0.0.6':
    resolution: {integrity: sha512-eF/bEBspmrxdVuPNihvZDyyJx5qtIpGEMz9l1nNQmrji7NZcUiRNC8WwzYyQCBdy1mj8HZ0Tn4I2q3gp/6Bkiw==}
    peerDependencies:
      tree-sitter-cli: 0.25.8
    peerDependenciesMeta:
      tree-sitter-cli:
        optional: true

  '@ast-grep/lang-ruby@0.0.7':
    resolution: {integrity: sha512-tSoj96K/saNfz2wqLZPtKPhwGsRsveydv1FIce9KbXVmxmk+9cerg+LqPS9A8CO3OMQj6LFr1J2Jyr7A/KMpZQ==}
    peerDependencies:
      tree-sitter-cli: 0.25.8
    peerDependenciesMeta:
      tree-sitter-cli:
        optional: true

  '@ast-grep/lang-rust@0.0.7':
    resolution: {integrity: sha512-CF6jv8XmlVQgr/pFKADM87EkoGiHIrHKsG1wcX2iqgdBX5kW8wH+Zd4GP6SMme2eZogD49f19vRoRTF44iZqzg==}
    peerDependencies:
      tree-sitter-cli: 0.25.8
    peerDependenciesMeta:
      tree-sitter-cli:
        optional: true

  '@ast-grep/lang-scala@0.0.7':
    resolution: {integrity: sha512-ZORuIKsydtYB0oLaD73tjnZe7LECaam1JCqa4Mc/gzhhYA7AwCmqbPRj0S9PdSOP65orWDbwYu5wroBnGXxG1Q==}
    peerDependencies:
      tree-sitter-cli: 0.25.8
    peerDependenciesMeta:
      tree-sitter-cli:
        optional: true

  '@ast-grep/lang-sql@0.0.8':
    resolution: {integrity: sha512-akMaGvhtjgQ2t1YLl4uqYfCfrYQmUS4WnqYugDHBeGOrLzSkM+aUFQ0R0fhRjY3CGsiTb8eXUtnhnxyy44l8Yw==}
    peerDependencies:
      tree-sitter-cli: 0.25.8
    peerDependenciesMeta:
      tree-sitter-cli:
        optional: true

  '@ast-grep/lang-swift@0.0.8':
    resolution: {integrity: sha512-v+pLafFzXQJ/yTgmOclSzBDX+actORUqrAL0+fJkHlvnbYARxXXKoo4bonuWlzLjp+gOLP/Liuvhb4FlWgPFXA==}
    peerDependencies:
      tree-sitter-cli: 0.25.8
    peerDependenciesMeta:
      tree-sitter-cli:
        optional: true

  '@ast-grep/lang-toml@0.0.9':
    resolution: {integrity: sha512-9KIzfZijMcuDTWD6/1FhxIthlK2OOYuVPOZcN8J7rEkFTdmWco3sueGVW58m3T5K8AQVZQLpk5+0A+wxttS1Cg==}
    peerDependencies:
      tree-sitter-cli: 0.25.8
    peerDependenciesMeta:
      tree-sitter-cli:
        optional: true

  '@ast-grep/lang-tsx@0.0.7':
    resolution: {integrity: sha512-wH90LZakyFj0wDx4CqcMC2zyxEheY99wgcKraL5WiKx5Ro/+59IbvUaHZlEd8061rE9XlcZokMQ0sNuW9Uh8+g==}
    peerDependencies:
      tree-sitter-cli: 0.25.8
    peerDependenciesMeta:
      tree-sitter-cli:
        optional: true

  '@ast-grep/lang-typescript@0.0.7':
    resolution: {integrity: sha512-PMUzzOFd+LojjV993oKecdMjswJebQ/rpg5O3PFhO5lYoSeGDy/hyglV6BtO9hUNaI5CNDAAVe00qznrLQmPlg==}
    peerDependencies:
      tree-sitter-cli: 0.25.8
    peerDependenciesMeta:
      tree-sitter-cli:
        optional: true

  '@ast-grep/lang-yaml@0.0.6':
    resolution: {integrity: sha512-r/gVR+Tomr2eR8P7VoNW+L2brhQGjQC9IGOk6oAVEshN9b0/4molI3bvY309GnGVF0ZPTT5CmY32T8EtUJsPwA==}
    peerDependencies:
      tree-sitter-cli: 0.25.8
    peerDependenciesMeta:
      tree-sitter-cli:
        optional: true

  '@ast-grep/napi-darwin-arm64@0.45.3':
    resolution: {integrity: sha512-rMZJ6frSpR/xSbeV4hiA9WR5hHqk3rVYX8lOqEoUCaUnjEuFXvHdGN4WawJ8pVDq/IqM1UnTtsDSYgUdVmO5DA==}
    engines: {node: '>= 10'}
    cpu: [arm64]
    os: [darwin]

  '@ast-grep/napi-darwin-x64@0.45.3':
    resolution: {integrity: sha512-tIclZ5pM+YSgk8NNTBoTkaclbS39cU5lbVfSrFWX4LUnxXfUPG+F+ppxyFjKwJTBELsGHEO4LdX3/Lc+FDwPNA==}
    engines: {node: '>= 10'}
    cpu: [x64]
    os: [darwin]

  '@ast-grep/napi-linux-arm64-gnu@0.45.3':
    resolution: {integrity: sha512-Bm8F7/oRHQkDXbjH+gBi9oB5huJ0q12r/AIOMIypf5PWlAVvh206Tsw468phw4Oh6kd4Ad1Z+gflNW1MutgK2g==}
    engines: {node: '>= 10'}
    cpu: [arm64]
    os: [linux]
    libc: [glibc]

  '@ast-grep/napi-linux-arm64-musl@0.45.3':
    resolution: {integrity: sha512-yr5xcRerV41GeRxmZ8SKbfGeyZRhQePoNNCgTAb4OrWMelWwbMI80aY7/IlF2bo1sN40BSW4hZdGIO/akTd1RQ==}
    engines: {node: '>= 10'}
    cpu: [arm64]
    os: [linux]
    libc: [musl]

  '@ast-grep/napi-linux-x64-gnu@0.45.3':
    resolution: {integrity: sha512-lluRK3hxfHMQdFuVID6seAKVx4FH0kEwF6rCh5/I40Sf3EtNR2UCBXAqd6RBA6hqlSckktvBxCfw+h4aescDmg==}
    engines: {node: '>= 10'}
    cpu: [x64]
    os: [linux]
    libc: [glibc]

  '@ast-grep/napi-linux-x64-musl@0.45.3':
    resolution: {integrity: sha512-09wJQKq86LqILqQtw0+X09SzhcPwUnMVFKyia7S3XLbLqSeQpAMF55Y+zll53JRQ1dCzFEZJyvTT/7j9vwfE3w==}
    engines: {node: '>= 10'}
    cpu: [x64]
    os: [linux]
    libc: [musl]

  '@ast-grep/napi-win32-arm64-msvc@0.45.3':
    resolution: {integrity: sha512-/HiVgw2cdtzXLDLoG4eBBcauekNXewfagy7qiVbjkVu/KcCH8dJ9lpj8DzeWwuBNtZxuD8jpiwP0M1pz3Bc3uw==}
    engines: {node: '>= 10'}
    cpu: [arm64]
    os: [win32]

  '@ast-grep/napi-win32-ia32-msvc@0.45.3':
    resolution: {integrity: sha512-/gwJrJQUw65uNtAFcG2rtSTr117Gqqy3bfjaljCPKsa65dTeRcMMnjKLlZ6V9/g8z+4Xf78kdhp5ECbir4yfSw==}
    engines: {node: '>= 10'}
    cpu: [ia32]
    os: [win32]

  '@ast-grep/napi-win32-x64-msvc@0.45.3':
    resolution: {integrity: sha512-CEZAMAsaDoQoVE3MT2c/ry3/ydfyaqlTjxv8DK5PG355SrdAYPgevGC2Me6tz4dhphJin89Y20VsnrS5UrYV5Q==}
    engines: {node: '>= 10'}
    cpu: [x64]
    os: [win32]

  '@ast-grep/napi@0.45.3':
    resolution: {integrity: sha512-bjJsUt0g3UCwbn9bjv7MnoR15rszSm79yPCXn4DWWK0NuYUUqBU/srtNMR4WnpfR7TnfBRdYFoqSNx0pGCNWJg==}
    engines: {node: '>= 10'}

  '@ast-grep/setup-lang@0.0.6':
    resolution: {integrity: sha512-aSYZNF5nGQMxnwiA3Lcc8zi0AtpGlug47ADgqCgP/2n7p922FbnW7vo1rbW4kKjW72B/3mDdN7uvYidv8JnPnw==}

  yaml@2.7.1:
    resolution: {integrity: sha512-10ULxpnOCQXxJvBgxsn9ptjq6uviG/htZKk9veJGhlqn3w/DxQ631zFF+nlQXLwmImeS5amR2dl2U8sg6U9jsQ==}
    engines: {node: '>= 14'}
    hasBin: true

snapshots:

  '@ast-grep/lang-angular@0.0.10':
    dependencies:
      '@ast-grep/setup-lang': 0.0.6

  '@ast-grep/lang-bash@0.0.8':
    dependencies:
      '@ast-grep/setup-lang': 0.0.6

  '@ast-grep/lang-bicep@0.0.2':
    dependencies:
      '@ast-grep/setup-lang': 0.0.6

  '@ast-grep/lang-c@0.0.6':
    dependencies:
      '@ast-grep/setup-lang': 0.0.6

  '@ast-grep/lang-cpp@0.0.6':
    dependencies:
      '@ast-grep/setup-lang': 0.0.6

  '@ast-grep/lang-csharp@0.0.6':
    dependencies:
      '@ast-grep/setup-lang': 0.0.6

  '@ast-grep/lang-css@0.0.7':
    dependencies:
      '@ast-grep/setup-lang': 0.0.6

  '@ast-grep/lang-dart@0.0.7':
    dependencies:
      '@ast-grep/setup-lang': 0.0.6

  '@ast-grep/lang-elixir@0.0.7':
    dependencies:
      '@ast-grep/setup-lang': 0.0.6

  '@ast-grep/lang-glimmer-javascript@0.0.2':
    dependencies:
      '@ast-grep/setup-lang': 0.0.6

  '@ast-grep/lang-glimmer-typescript@0.0.2':
    dependencies:
      '@ast-grep/setup-lang': 0.0.6

  '@ast-grep/lang-go@0.0.6':
    dependencies:
      '@ast-grep/setup-lang': 0.0.6

  '@ast-grep/lang-haskell@0.0.7':
    dependencies:
      '@ast-grep/setup-lang': 0.0.6

  '@ast-grep/lang-html@0.0.7':
    dependencies:
      '@ast-grep/setup-lang': 0.0.6

  '@ast-grep/lang-java@0.0.7':
    dependencies:
      '@ast-grep/setup-lang': 0.0.6

  '@ast-grep/lang-javascript@0.0.7':
    dependencies:
      '@ast-grep/setup-lang': 0.0.6

  '@ast-grep/lang-json@0.0.7':
    dependencies:
      '@ast-grep/setup-lang': 0.0.6

  '@ast-grep/lang-kotlin@0.0.7':
    dependencies:
      '@ast-grep/setup-lang': 0.0.6

  '@ast-grep/lang-lua@0.0.7':
    dependencies:
      '@ast-grep/setup-lang': 0.0.6

  '@ast-grep/lang-markdown@0.0.6':
    dependencies:
      '@ast-grep/setup-lang': 0.0.6

  '@ast-grep/lang-php@0.0.7':
    dependencies:
      '@ast-grep/setup-lang': 0.0.6

  '@ast-grep/lang-python@0.0.6':
    dependencies:
      '@ast-grep/setup-lang': 0.0.6

  '@ast-grep/lang-ruby@0.0.7':
    dependencies:
      '@ast-grep/setup-lang': 0.0.6

  '@ast-grep/lang-rust@0.0.7':
    dependencies:
      '@ast-grep/setup-lang': 0.0.6

  '@ast-grep/lang-scala@0.0.7':
    dependencies:
      '@ast-grep/setup-lang': 0.0.6

  '@ast-grep/lang-sql@0.0.8':
    dependencies:
      '@ast-grep/setup-lang': 0.0.6

  '@ast-grep/lang-swift@0.0.8':
    dependencies:
      '@ast-grep/setup-lang': 0.0.6

  '@ast-grep/lang-toml@0.0.9':
    dependencies:
      '@ast-grep/setup-lang': 0.0.6

  '@ast-grep/lang-tsx@0.0.7':
    dependencies:
      '@ast-grep/setup-lang': 0.0.6

  '@ast-grep/lang-typescript@0.0.7':
    dependencies:
      '@ast-grep/setup-lang': 0.0.6

  '@ast-grep/lang-yaml@0.0.6':
    dependencies:
      '@ast-grep/setup-lang': 0.0.6

  '@ast-grep/napi-darwin-arm64@0.45.3':
    optional: true

  '@ast-grep/napi-darwin-x64@0.45.3':
    optional: true

  '@ast-grep/napi-linux-arm64-gnu@0.45.3':
    optional: true

  '@ast-grep/napi-linux-arm64-musl@0.45.3':
    optional: true

  '@ast-grep/napi-linux-x64-gnu@0.45.3':
    optional: true

  '@ast-grep/napi-linux-x64-musl@0.45.3':
    optional: true

  '@ast-grep/napi-win32-arm64-msvc@0.45.3':
    optional: true

  '@ast-grep/napi-win32-ia32-msvc@0.45.3':
    optional: true

  '@ast-grep/napi-win32-x64-msvc@0.45.3':
    optional: true

  '@ast-grep/napi@0.45.3':
    optionalDependencies:
      '@ast-grep/napi-darwin-arm64': 0.45.3
      '@ast-grep/napi-darwin-x64': 0.45.3
      '@ast-grep/napi-linux-arm64-gnu': 0.45.3
      '@ast-grep/napi-linux-arm64-musl': 0.45.3
      '@ast-grep/napi-linux-x64-gnu': 0.45.3
      '@ast-grep/napi-linux-x64-musl': 0.45.3
      '@ast-grep/napi-win32-arm64-msvc': 0.45.3
      '@ast-grep/napi-win32-ia32-msvc': 0.45.3
      '@ast-grep/napi-win32-x64-msvc': 0.45.3

  '@ast-grep/setup-lang@0.0.6': {}

  yaml@2.7.1: {}
